
Microsoft Visual Studio Solution File, Format Version 12.00
# Visual Studio Version 16
VisualStudioVersion = 16.0.29403.142
MinimumVisualStudioVersion = 10.0.40219.1
Project("{FAE04EC0-301F-11D3-BF4B-00C04F79EFBC}") = "SqlServer.EtwWatcher", "SqlServer.EtwWatcher\SqlServer.EtwWatcher.csproj", "{1D758C3C-F8A6-4BFD-967A-D3EA58CE4239}"
EndProject
Project("{FAE04EC0-301F-11D3-BF4B-00C04F79EFBC}") = "SqlServer.EtwWatcher.Components", "SqlServer.EtwWatcher.Components\SqlServer.EtwWatcher.Components.csproj", "{C95C795F-0BC9-4FB5-89A7-9A842DF8488A}"
EndProject
Project("{FAE04EC0-301F-11D3-BF4B-00C04F79EFBC}") = "SqlServer.EtwWatcher.Tests", "SqlServer.EtwWatcher.Tests\SqlServer.EtwWatcher.Tests.csproj", "{3F25B990-F173-4283-8D89-FDCF951C2851}"
EndProject
Global
	GlobalSection(SolutionConfigurationPlatforms) = preSolution
		Debug|Any CPU = Debug|Any CPU
		Release|Any CPU = Release|Any CPU
	EndGlobalSection
	GlobalSection(ProjectConfigurationPlatforms) = postSolution
		{1D758C3C-F8A6-4BFD-967A-D3EA58CE4239}.Debug|Any CPU.ActiveCfg = Debug|Any CPU
		{1D758C3C-F8A6-4BFD-967A-D3EA58CE4239}.Debug|Any CPU.Build.0 = Debug|Any CPU
		{1D758C3C-F8A6-4BFD-967A-D3EA58CE4239}.Release|Any CPU.ActiveCfg = Release|Any CPU
		{1D758C3C-F8A6-4BFD-967A-D3EA58CE4239}.Release|Any CPU.Build.0 = Release|Any CPU
		{C95C795F-0BC9-4FB5-89A7-9A842DF8488A}.Debug|Any CPU.ActiveCfg = Debug|Any CPU
		{C95C795F-0BC9-4FB5-89A7-9A842DF8488A}.Debug|Any CPU.Build.0 = Debug|Any CPU
		{C95C795F-0BC9-4FB5-89A7-9A842DF8488A}.Release|Any CPU.ActiveCfg = Release|Any CPU
		{C95C795F-0BC9-4FB5-89A7-9A842DF8488A}.Release|Any CPU.Build.0 = Release|Any CPU
		{3F25B990-F173-4283-8D89-FDCF951C2851}.Debug|Any CPU.ActiveCfg = Debug|Any CPU
		{3F25B990-F173-4283-8D89-FDCF951C2851}.Debug|Any CPU.Build.0 = Debug|Any CPU
		{3F25B990-F173-4283-8D89-FDCF951C2851}.Release|Any CPU.ActiveCfg = Release|Any CPU
		{3F25B990-F173-4283-8D89-FDCF951C2851}.Release|Any CPU.Build.0 = Release|Any CPU
	EndGlobalSection
	GlobalSection(SolutionProperties) = preSolution
		HideSolutionNode = FALSE
	EndGlobalSection
	GlobalSection(ExtensibilityGlobals) = postSolution
		SolutionGuid = {0382DAF9-3B74-4D5D-B21F-9FBE04FDF7B9}
	EndGlobalSection
EndGlobal
